
Microsoft Visual Studio Solution File, Format Version 12.00
# Visual Studio Version 17
VisualStudioVersion = 17.3.32929.385
MinimumVisualStudioVersion = 10.0.40219.1
Project("{FAE04EC0-301F-11D3-BF4B-00C04F79EFBC}") = "LaptopTask", "LaptopTask\LaptopTask.csproj", "{AF20C13C-8A5D-4AD1-A069-5DDFE2A171FD}"
EndProject
Global
	GlobalSection(SolutionConfigurationPlatforms) = preSolution
		Debug|Any CPU = Debug|Any CPU
		Release|Any CPU = Release|Any CPU
	EndGlobalSection
	GlobalSection(ProjectConfigurationPlatforms) = postSolution
		{AF20C13C-8A5D-4AD1-A069-5DDFE2A171FD}.Debug|Any CPU.ActiveCfg = Debug|Any CPU
		{AF20C13C-8A5D-4AD1-A069-5DDFE2A171FD}.Debug|Any CPU.Build.0 = Debug|Any CPU
		{AF20C13C-8A5D-4AD1-A069-5DDFE2A171FD}.Release|Any CPU.ActiveCfg = Release|Any CPU
		{AF20C13C-8A5D-4AD1-A069-5DDFE2A171FD}.Release|Any CPU.Build.0 = Release|Any CPU
	EndGlobalSection
	GlobalSection(SolutionProperties) = preSolution
		HideSolutionNode = FALSE
	EndGlobalSection
	GlobalSection(ExtensibilityGlobals) = postSolution
		SolutionGuid = {6279A6EF-39B1-423D-8383-B716B18A21D1}
	EndGlobalSection
EndGlobal
